{
  "name": "htmx-kotlinx-html-boot-assets-sandbox",
  "version": "1.0.0",
  "lockfileVersion": 3,
  "requires": true,
  "packages": {
    "": {
      "name": "htmx-kotlinx-html-boot-assets-sandbox",
      "version": "1.0.0",
      "license": "ISC",
      "dependencies": {
        "@picocss/pico": "2.1.1",
        "htmx.org": "2.0.4"
      }
    },
    "node_modules/@picocss/pico": {
      "version": "2.1.1",
      "resolved": "https://registry.npmjs.org/@picocss/pico/-/pico-2.1.1.tgz",
      "integrity": "sha512-kIDugA7Ps4U+2BHxiNHmvgPIQDWPDU4IeU6TNRdvXQM1uZX+FibqDQT2xUOnnO2yq/LUHcwnGlu1hvf4KfXnMg=="
    },
    "node_modules/htmx.org": {
      "version": "2.0.4",
      "resolved": "https://registry.npmjs.org/htmx.org/-/htmx.org-2.0.4.tgz",
      "integrity": "sha512-HLxMCdfXDOJirs3vBZl/ZLoY+c7PfM4Ahr2Ad4YXh6d22T5ltbTXFFkpx9Tgb2vvmWFMbIc3LqN2ToNkZJvyYQ=="
    }
  }
}
